
Microsoft Visual Studio Solution File, Format Version 12.00
# Visual Studio Version 17
VisualStudioVersion = 17.5.002.0
MinimumVisualStudioVersion = 10.0.40219.1
Project("{9A19103F-16F7-4668-BE54-9A1E7A4F7556}") = "TP", "TP.csproj", "{30842F3B-E33A-416C-A0C6-45B67C9C9C82}"
EndProject
Global
	GlobalSection(SolutionConfigurationPlatforms) = preSolution
		Debug|Any CPU = Debug|Any CPU
		Release|Any CPU = Release|Any CPU
	EndGlobalSection
	GlobalSection(ProjectConfigurationPlatforms) = postSolution
		{30842F3B-E33A-416C-A0C6-45B67C9C9C82}.Debug|Any CPU.ActiveCfg = Debug|Any CPU
		{30842F3B-E33A-416C-A0C6-45B67C9C9C82}.Debug|Any CPU.Build.0 = Debug|Any CPU
		{30842F3B-E33A-416C-A0C6-45B67C9C9C82}.Release|Any CPU.ActiveCfg = Release|Any CPU
		{30842F3B-E33A-416C-A0C6-45B67C9C9C82}.Release|Any CPU.Build.0 = Release|Any CPU
	EndGlobalSection
	GlobalSection(SolutionProperties) = preSolution
		HideSolutionNode = FALSE
	EndGlobalSection
	GlobalSection(ExtensibilityGlobals) = postSolution
		SolutionGuid = {32E2717F-4FC9-472C-932C-D56167904983}
	EndGlobalSection
EndGlobal
